
Microsoft Visual Studio Solution File, Format Version 12.00
# Visual Studio Version 16
VisualStudioVersion = 16.0.31025.194
MinimumVisualStudioVersion = 10.0.40219.1
Project("{FAE04EC0-301F-11D3-BF4B-00C04F79EFBC}") = "WindowsFormsApp2", "WindowsFormsApp2\WindowsFormsApp2.csproj", "{CEB6D3F5-09B2-46F6-807F-73D287B32058}"
EndProject
Global
	GlobalSection(SolutionConfigurationPlatforms) = preSolution
		Debug|Any CPU = Debug|Any CPU
		Release|Any CPU = Release|Any CPU
	EndGlobalSection
	GlobalSection(ProjectConfigurationPlatforms) = postSolution
		{CEB6D3F5-09B2-46F6-807F-73D287B32058}.Debug|Any CPU.ActiveCfg = Debug|Any CPU
		{CEB6D3F5-09B2-46F6-807F-73D287B32058}.Debug|Any CPU.Build.0 = Debug|Any CPU
		{CEB6D3F5-09B2-46F6-807F-73D287B32058}.Release|Any CPU.ActiveCfg = Release|Any CPU
		{CEB6D3F5-09B2-46F6-807F-73D287B32058}.Release|Any CPU.Build.0 = Release|Any CPU
	EndGlobalSection
	GlobalSection(SolutionProperties) = preSolution
		HideSolutionNode = FALSE
	EndGlobalSection
	GlobalSection(ExtensibilityGlobals) = postSolution
		SolutionGuid = {81F90692-7024-4559-BFDC-30A1E5BB3351}
	EndGlobalSection
EndGlobal
